
Microsoft Visual Studio Solution File, Format Version 12.00
# Visual Studio Version 16
VisualStudioVersion = 16.0.31410.357
MinimumVisualStudioVersion = 10.0.40219.1
Project("{9A19103F-16F7-4668-BE54-9A1E7A4F7556}") = "Task_2", "Task_2\Task_2.csproj", "{4433AD84-06CF-431B-BE08-DF48182B3BAD}"
EndProject
Project("{FAE04EC0-301F-11D3-BF4B-00C04F79EFBC}") = "Task_2_Ado.net", "Task_2_Ado.net\Task_2_Ado.net.csproj", "{F04460D6-0278-4B96-8BE2-41E9669A4A12}"
EndProject
Global
	GlobalSection(SolutionConfigurationPlatforms) = preSolution
		Debug|Any CPU = Debug|Any CPU
		Release|Any CPU = Release|Any CPU
	EndGlobalSection
	GlobalSection(ProjectConfigurationPlatforms) = postSolution
		{4433AD84-06CF-431B-BE08-DF48182B3BAD}.Debug|Any CPU.ActiveCfg = Debug|Any CPU
		{4433AD84-06CF-431B-BE08-DF48182B3BAD}.Debug|Any CPU.Build.0 = Debug|Any CPU
		{4433AD84-06CF-431B-BE08-DF48182B3BAD}.Release|Any CPU.ActiveCfg = Release|Any CPU
		{4433AD84-06CF-431B-BE08-DF48182B3BAD}.Release|Any CPU.Build.0 = Release|Any CPU
		{F04460D6-0278-4B96-8BE2-41E9669A4A12}.Debug|Any CPU.ActiveCfg = Debug|Any CPU
		{F04460D6-0278-4B96-8BE2-41E9669A4A12}.Debug|Any CPU.Build.0 = Debug|Any CPU
		{F04460D6-0278-4B96-8BE2-41E9669A4A12}.Release|Any CPU.ActiveCfg = Release|Any CPU
		{F04460D6-0278-4B96-8BE2-41E9669A4A12}.Release|Any CPU.Build.0 = Release|Any CPU
	EndGlobalSection
	GlobalSection(SolutionProperties) = preSolution
		HideSolutionNode = FALSE
	EndGlobalSection
	GlobalSection(ExtensibilityGlobals) = postSolution
		SolutionGuid = {6433AD44-EF78-430A-9B5F-6F063DEDDF03}
	EndGlobalSection
EndGlobal
